
Microsoft Visual Studio Solution File, Format Version 12.00
# Visual Studio Version 17
VisualStudioVersion = 17.6.33815.320
MinimumVisualStudioVersion = 10.0.40219.1
Project("{FAE04EC0-301F-11D3-BF4B-00C04F79EFBC}") = "JWTAuthentication", "JWTAuthentication\JWTAuthentication.csproj", "{FA0B1A8F-30E3-4666-B648-37055654766B}"
EndProject
Global
	GlobalSection(SolutionConfigurationPlatforms) = preSolution
		Debug|Any CPU = Debug|Any CPU
		Release|Any CPU = Release|Any CPU
	EndGlobalSection
	GlobalSection(ProjectConfigurationPlatforms) = postSolution
		{FA0B1A8F-30E3-4666-B648-37055654766B}.Debug|Any CPU.ActiveCfg = Debug|Any CPU
		{FA0B1A8F-30E3-4666-B648-37055654766B}.Debug|Any CPU.Build.0 = Debug|Any CPU
		{FA0B1A8F-30E3-4666-B648-37055654766B}.Release|Any CPU.ActiveCfg = Release|Any CPU
		{FA0B1A8F-30E3-4666-B648-37055654766B}.Release|Any CPU.Build.0 = Release|Any CPU
	EndGlobalSection
	GlobalSection(SolutionProperties) = preSolution
		HideSolutionNode = FALSE
	EndGlobalSection
	GlobalSection(ExtensibilityGlobals) = postSolution
		SolutionGuid = {2E8A277D-2AF2-40B4-B0AD-4665CEB7D847}
	EndGlobalSection
EndGlobal
